<Solution>
  <Project Path="../OnkelMato.Thaddeus.Telegram.Tests/OnkelMato.Thaddeus.Telegram.Tests.csproj" Id="f7467a28-bbdd-436f-a088-9c99bdb2c36f" />
  <Project Path="CalDAV.NET/CalDAV.NET.csproj" />
  <Project Path="docker-compose.dcproj">
    <Build />
  </Project>
  <Project Path="OnkelMato.Thaddeus.Telegram/OnkelMato.Thaddeus.Telegram.csproj" />
</Solution>
